// !$*UTF8*$!
{
	archiveVersion = 1;
	classes = {
	};
	objectVersion = 46;
	objects = {

/* Begin PBXBuildFile section */
		57EC4A877DA19EB5CBC69FC5 /* Pods_iOS_Chromecast.framework in Frameworks */ = {isa = PBXBuildFile; fileRef = 2B27FFD3051C03FB7AD1277A /* Pods_iOS_Chromecast.framework */; };
		5E8C4DE1EC7BF6F75CA9E452 /* Pods_iOS_ChromecastUITests.framework in Frameworks */ = {isa = PBXBuildFile; fileRef = E0E00D9508A7EE041DC2E183 /* Pods_iOS_ChromecastUITests.framework */; };
		B8E2A9E6D22848DAF6B62B30 /* Pods_iOS_ChromecastTests.framework in Frameworks */ = {isa = PBXBuildFile; fileRef = 4226FE2FC15EBA04D0EF8FC9 /* Pods_iOS_ChromecastTests.framework */; };
		F3F917CB1F3E25E500D99118 /* AppDelegate.swift in Sources */ = {isa = PBXBuildFile; fileRef = F3F917CA1F3E25E500D99118 /* AppDelegate.swift */; };
		F3F917CD1F3E25E500D99118 /* ViewController.swift in Sources */ = {isa = PBXBuildFile; fileRef = F3F917CC1F3E25E500D99118 /* ViewController.swift */; };
		F3F917D01F3E25E500D99118 /* Main.storyboard in Resources */ = {isa = PBXBuildFile; fileRef = F3F917CE1F3E25E500D99118 /* Main.storyboard */; };
		F3F917D21F3E25E500D99118 /* Assets.xcassets in Resources */ = {isa = PBXBuildFile; fileRef = F3F917D11F3E25E500D99118 /* Assets.xcassets */; };
		F3F917D51F3E25E500D99118 /* LaunchScreen.storyboard in Resources */ = {isa = PBXBuildFile; fileRef = F3F917D31F3E25E500D99118 /* LaunchScreen.storyboard */; };
		F3F917E01F3E25E500D99118 /* iOS_ChromecastTests.swift in Sources */ = {isa = PBXBuildFile; fileRef = F3F917DF1F3E25E500D99118 /* iOS_ChromecastTests.swift */; };
		F3F917EB1F3E25E500D99118 /* iOS_ChromecastUITests.swift in Sources */ = {isa = PBXBuildFile; fileRef = F3F917EA1F3E25E500D99118 /* iOS_ChromecastUITests.swift */; };
		F3F917F91F3E288D00D99118 /* GlobalParams.swift in Sources */ = {isa = PBXBuildFile; fileRef = F3F917F81F3E288D00D99118 /* GlobalParams.swift */; };
/* End PBXBuildFile section */

/* Begin PBXContainerItemProxy section */
		F3F917DC1F3E25E500D99118 /* PBXContainerItemProxy */ = {
			isa = PBXContainerItemProxy;
			containerPortal = F3F917BF1F3E25E500D99118 /* Project object */;
			proxyType = 1;
			remoteGlobalIDString = F3F917C61F3E25E500D99118;
			remoteInfo = "iOS Chromecast";
		};
		F3F917E71F3E25E500D99118 /* PBXContainerItemProxy */ = {
			isa = PBXContainerItemProxy;
			containerPortal = F3F917BF1F3E25E500D99118 /* Project object */;
			proxyType = 1;
			remoteGlobalIDString = F3F917C61F3E25E500D99118;
			remoteInfo = "iOS Chromecast";
		};
/* End PBXContainerItemProxy section */

/* Begin PBXFileReference section */
		15937553A399351ABFAF03BA /* Pods-iOS Chromecast.debug.xcconfig */ = {isa = PBXFileReference; includeInIndex = 1; lastKnownFileType = text.xcconfig; name = "Pods-iOS Chromecast.debug.xcconfig"; path = "Pods/Target Support Files/Pods-iOS Chromecast/Pods-iOS Chromecast.debug.xcconfig"; sourceTree = "<group>"; };
		2B27FFD3051C03FB7AD1277A /* Pods_iOS_Chromecast.framework */ = {isa = PBXFileReference; explicitFileType = wrapper.framework; includeInIndex = 0; path = Pods_iOS_Chromecast.framework; sourceTree = BUILT_PRODUCTS_DIR; };
		2F168F5E3D87F6E723495E0F /* Pods-iOS ChromecastTests.release.xcconfig */ = {isa = PBXFileReference; includeInIndex = 1; lastKnownFileType = text.xcconfig; name = "Pods-iOS ChromecastTests.release.xcconfig"; path = "Pods/Target Support Files/Pods-iOS ChromecastTests/Pods-iOS ChromecastTests.release.xcconfig"; sourceTree = "<group>"; };
		4226FE2FC15EBA04D0EF8FC9 /* Pods_iOS_ChromecastTests.framework */ = {isa = PBXFileReference; explicitFileType = wrapper.framework; includeInIndex = 0; path = Pods_iOS_ChromecastTests.framework; sourceTree = BUILT_PRODUCTS_DIR; };
		472CD9FA01A339D6BA4463F8 /* Pods-iOS ChromecastUITests.debug.xcconfig */ = {isa = PBXFileReference; includeInIndex = 1; lastKnownFileType = text.xcconfig; name = "Pods-iOS ChromecastUITests.debug.xcconfig"; path = "Pods/Target Support Files/Pods-iOS ChromecastUITests/Pods-iOS ChromecastUITests.debug.xcconfig"; sourceTree = "<group>"; };
		87735359F33497DC8AE6B5C5 /* Pods-iOS ChromecastTests.debug.xcconfig */ = {isa = PBXFileReference; includeInIndex = 1; lastKnownFileType = text.xcconfig; name = "Pods-iOS ChromecastTests.debug.xcconfig"; path = "Pods/Target Support Files/Pods-iOS ChromecastTests/Pods-iOS ChromecastTests.debug.xcconfig"; sourceTree = "<group>"; };
		A85784921AA8BFB8D8DD0C79 /* Pods-iOS Chromecast.release.xcconfig */ = {isa = PBXFileReference; includeInIndex = 1; lastKnownFileType = text.xcconfig; name = "Pods-iOS Chromecast.release.xcconfig"; path = "Pods/Target Support Files/Pods-iOS Chromecast/Pods-iOS Chromecast.release.xcconfig"; sourceTree = "<group>"; };
		E0E00D9508A7EE041DC2E183 /* Pods_iOS_ChromecastUITests.framework */ = {isa = PBXFileReference; explicitFileType = wrapper.framework; includeInIndex = 0; path = Pods_iOS_ChromecastUITests.framework; sourceTree = BUILT_PRODUCTS_DIR; };
		F3F917C71F3E25E500D99118 /* iOS Chromecast.app */ = {isa = PBXFileReference; explicitFileType = wrapper.application; includeInIndex = 0; path = "iOS Chromecast.app"; sourceTree = BUILT_PRODUCTS_DIR; };
		F3F917CA1F3E25E500D99118 /* AppDelegate.swift */ = {isa = PBXFileReference; lastKnownFileType = sourcecode.swift; path = AppDelegate.swift; sourceTree = "<group>"; };
		F3F917CC1F3E25E500D99118 /* ViewController.swift */ = {isa = PBXFileReference; lastKnownFileType = sourcecode.swift; path = ViewController.swift; sourceTree = "<group>"; };
		F3F917CF1F3E25E500D99118 /* Base */ = {isa = PBXFileReference; lastKnownFileType = file.storyboard; name = Base; path = Base.lproj/Main.storyboard; sourceTree = "<group>"; };
		F3F917D11F3E25E500D99118 /* Assets.xcassets */ = {isa = PBXFileReference; lastKnownFileType = folder.assetcatalog; path = Assets.xcassets; sourceTree = "<group>"; };
		F3F917D41F3E25E500D99118 /* Base */ = {isa = PBXFileReference; lastKnownFileType = file.storyboard; name = Base; path = Base.lproj/LaunchScreen.storyboard; sourceTree = "<group>"; };
		F3F917D61F3E25E500D99118 /* Info.plist */ = {isa = PBXFileReference; lastKnownFileType = text.plist.xml; path = Info.plist; sourceTree = "<group>"; };
		F3F917DB1F3E25E500D99118 /* iOS ChromecastTests.xctest */ = {isa = PBXFileReference; explicitFileType = wrapper.cfbundle; includeInIndex = 0; path = "iOS ChromecastTests.xctest"; sourceTree = BUILT_PRODUCTS_DIR; };
		F3F917DF1F3E25E500D99118 /* iOS_ChromecastTests.swift */ = {isa = PBXFileReference; lastKnownFileType = sourcecode.swift; path = iOS_ChromecastTests.swift; sourceTree = "<group>"; };
		F3F917E11F3E25E500D99118 /* Info.plist */ = {isa = PBXFileReference; lastKnownFileType = text.plist.xml; path = Info.plist; sourceTree = "<group>"; };
		F3F917E61F3E25E500D99118 /* iOS ChromecastUITests.xctest */ = {isa = PBXFileReference; explicitFileType = wrapper.cfbundle; includeInIndex = 0; path = "iOS ChromecastUITests.xctest"; sourceTree = BUILT_PRODUCTS_DIR; };
		F3F917EA1F3E25E500D99118 /* iOS_ChromecastUITests.swift */ = {isa = PBXFileReference; lastKnownFileType = sourcecode.swift; path = iOS_ChromecastUITests.swift; sourceTree = "<group>"; };
		F3F917EC1F3E25E500D99118 /* Info.plist */ = {isa = PBXFileReference; lastKnownFileType = text.plist.xml; path = Info.plist; sourceTree = "<group>"; };
		F3F917F81F3E288D00D99118 /* GlobalParams.swift */ = {isa = PBXFileReference; fileEncoding = 4; lastKnownFileType = sourcecode.swift; path = GlobalParams.swift; sourceTree = "<group>"; };
		F8A46E5E63FC04CB560DBD58 /* Pods-iOS ChromecastUITests.release.xcconfig */ = {isa = PBXFileReference; includeInIndex = 1; lastKnownFileType = text.xcconfig; name = "Pods-iOS ChromecastUITests.release.xcconfig"; path = "Pods/Target Support Files/Pods-iOS ChromecastUITests/Pods-iOS ChromecastUITests.release.xcconfig"; sourceTree = "<group>"; };
/* End PBXFileReference section */

/* Begin PBXFrameworksBuildPhase section */
		F3F917C41F3E25E500D99118 /* Frameworks */ = {
			isa = PBXFrameworksBuildPhase;
			buildActionMask = 2147483647;
			files = (
				57EC4A877DA19EB5CBC69FC5 /* Pods_iOS_Chromecast.framework in Frameworks */,
			);
			runOnlyForDeploymentPostprocessing = 0;
		};
		F3F917D81F3E25E500D99118 /* Frameworks */ = {
			isa = PBXFrameworksBuildPhase;
			buildActionMask = 2147483647;
			files = (
				B8E2A9E6D22848DAF6B62B30 /* Pods_iOS_ChromecastTests.framework in Frameworks */,
			);
			runOnlyForDeploymentPostprocessing = 0;
		};
		F3F917E31F3E25E500D99118 /* Frameworks */ = {
			isa = PBXFrameworksBuildPhase;
			buildActionMask = 2147483647;
			files = (
				5E8C4DE1EC7BF6F75CA9E452 /* Pods_iOS_ChromecastUITests.framework in Frameworks */,
			);
			runOnlyForDeploymentPostprocessing = 0;
		};
/* End PBXFrameworksBuildPhase section */

/* Begin PBXGroup section */
		ACB36BDA9AEBB67D297E4D94 /* Pods */ = {
			isa = PBXGroup;
			children = (
				15937553A399351ABFAF03BA /* Pods-iOS Chromecast.debug.xcconfig */,
				A85784921AA8BFB8D8DD0C79 /* Pods-iOS Chromecast.release.xcconfig */,
				87735359F33497DC8AE6B5C5 /* Pods-iOS ChromecastTests.debug.xcconfig */,
				2F168F5E3D87F6E723495E0F /* Pods-iOS ChromecastTests.release.xcconfig */,
				472CD9FA01A339D6BA4463F8 /* Pods-iOS ChromecastUITests.debug.xcconfig */,
				F8A46E5E63FC04CB560DBD58 /* Pods-iOS ChromecastUITests.release.xcconfig */,
			);
			name = Pods;
			sourceTree = "<group>";
		};
		D9707B9ECF8E00933C262222 /* Frameworks */ = {
			isa = PBXGroup;
			children = (
				2B27FFD3051C03FB7AD1277A /* Pods_iOS_Chromecast.framework */,
				4226FE2FC15EBA04D0EF8FC9 /* Pods_iOS_ChromecastTests.framework */,
				E0E00D9508A7EE041DC2E183 /* Pods_iOS_ChromecastUITests.framework */,
			);
			name = Frameworks;
			sourceTree = "<group>";
		};
		F3F917BE1F3E25E500D99118 = {
			isa = PBXGroup;
			children = (
				F3F917C91F3E25E500D99118 /* iOS Chromecast */,
				F3F917DE1F3E25E500D99118 /* iOS ChromecastTests */,
				F3F917E91F3E25E500D99118 /* iOS ChromecastUITests */,
				F3F917C81F3E25E500D99118 /* Products */,
				ACB36BDA9AEBB67D297E4D94 /* Pods */,
				D9707B9ECF8E00933C262222 /* Frameworks */,
			);
			sourceTree = "<group>";
		};
		F3F917C81F3E25E500D99118 /* Products */ = {
			isa = PBXGroup;
			children = (
				F3F917C71F3E25E500D99118 /* iOS Chromecast.app */,
				F3F917DB1F3E25E500D99118 /* iOS ChromecastTests.xctest */,
				F3F917E61F3E25E500D99118 /* iOS ChromecastUITests.xctest */,
			);
			name = Products;
			sourceTree = "<group>";
		};
		F3F917C91F3E25E500D99118 /* iOS Chromecast */ = {
			isa = PBXGroup;
			children = (
				F3F917CA1F3E25E500D99118 /* AppDelegate.swift */,
				F3F917CC1F3E25E500D99118 /* ViewController.swift */,
				F3F917F81F3E288D00D99118 /* GlobalParams.swift */,
				F3F917CE1F3E25E500D99118 /* Main.storyboard */,
				F3F917D11F3E25E500D99118 /* Assets.xcassets */,
				F3F917D31F3E25E500D99118 /* LaunchScreen.storyboard */,
				F3F917D61F3E25E500D99118 /* Info.plist */,
			);
			path = "iOS Chromecast";
			sourceTree = "<group>";
		};
		F3F917DE1F3E25E500D99118 /* iOS ChromecastTests */ = {
			isa = PBXGroup;
			children = (
				F3F917DF1F3E25E500D99118 /* iOS_ChromecastTests.swift */,
				F3F917E11F3E25E500D99118 /* Info.plist */,
			);
			path = "iOS ChromecastTests";
			sourceTree = "<group>";
		};
		F3F917E91F3E25E500D99118 /* iOS ChromecastUITests */ = {
			isa = PBXGroup;
			children = (
				F3F917EA1F3E25E500D99118 /* iOS_ChromecastUITests.swift */,
				F3F917EC1F3E25E500D99118 /* Info.plist */,
			);
			path = "iOS ChromecastUITests";
			sourceTree = "<group>";
		};
/* End PBXGroup section */

/* Begin PBXNativeTarget section */
		F3F917C61F3E25E500D99118 /* iOS Chromecast */ = {
			isa = PBXNativeTarget;
			buildConfigurationList = F3F917EF1F3E25E500D99118 /* Build configuration list for PBXNativeTarget "iOS Chromecast" */;
			buildPhases = (
				7A81C6114473B46F979761BB /* [CP] Check Pods Manifest.lock */,
				F3F917C31F3E25E500D99118 /* Sources */,
				F3F917C41F3E25E500D99118 /* Frameworks */,
				F3F917C51F3E25E500D99118 /* Resources */,
				6CC5210B8DA6D7B1F5DAE4A3 /* [CP] Embed Pods Frameworks */,
				67316A3A8218B8D6E56502A0 /* [CP] Copy Pods Resources */,
			);
			buildRules = (
			);
			dependencies = (
			);
			name = "iOS Chromecast";
			productName = "iOS Chromecast";
			productReference = F3F917C71F3E25E500D99118 /* iOS Chromecast.app */;
			productType = "com.apple.product-type.application";
		};
		F3F917DA1F3E25E500D99118 /* iOS ChromecastTests */ = {
			isa = PBXNativeTarget;
			buildConfigurationList = F3F917F21F3E25E500D99118 /* Build configuration list for PBXNativeTarget "iOS ChromecastTests" */;
			buildPhases = (
				39633FA477C755EB762E53FD /* [CP] Check Pods Manifest.lock */,
				F3F917D71F3E25E500D99118 /* Sources */,
				F3F917D81F3E25E500D99118 /* Frameworks */,
				F3F917D91F3E25E500D99118 /* Resources */,
				B7239ECDEA2D0FDF1F97AE6A /* [CP] Embed Pods Frameworks */,
				76E47B311E3ABA20D4A587DA /* [CP] Copy Pods Resources */,
			);
			buildRules = (
			);
			dependencies = (
				F3F917DD1F3E25E500D99118 /* PBXTargetDependency */,
			);
			name = "iOS ChromecastTests";
			productName = "iOS ChromecastTests";
			productReference = F3F917DB1F3E25E500D99118 /* iOS ChromecastTests.xctest */;
			productType = "com.apple.product-type.bundle.unit-test";
		};
		F3F917E51F3E25E500D99118 /* iOS ChromecastUITests */ = {
			isa = PBXNativeTarget;
			buildConfigurationList = F3F917F51F3E25E500D99118 /* Build configuration list for PBXNativeTarget "iOS ChromecastUITests" */;
			buildPhases = (
				9A087C53E3511BF56E5966C9 /* [CP] Check Pods Manifest.lock */,
				F3F917E21F3E25E500D99118 /* Sources */,
				F3F917E31F3E25E500D99118 /* Frameworks */,
				F3F917E41F3E25E500D99118 /* Resources */,
				62697DBF40814ED3E9336084 /* [CP] Embed Pods Frameworks */,
				FC7A31116E646E000183E920 /* [CP] Copy Pods Resources */,
			);
			buildRules = (
			);
			dependencies = (
				F3F917E81F3E25E500D99118 /* PBXTargetDependency */,
			);
			name = "iOS ChromecastUITests";
			productName = "iOS ChromecastUITests";
			productReference = F3F917E61F3E25E500D99118 /* iOS ChromecastUITests.xctest */;
			productType = "com.apple.product-type.bundle.ui-testing";
		};
/* End PBXNativeTarget section */

/* Begin PBXProject section */
		F3F917BF1F3E25E500D99118 /* Project object */ = {
			isa = PBXProject;
			attributes = {
				LastSwiftUpdateCheck = 0830;
				LastUpgradeCheck = 0830;
				ORGANIZATIONNAME = Nielsen;
				TargetAttributes = {
					F3F917C61F3E25E500D99118 = {
						CreatedOnToolsVersion = 8.3.3;
						DevelopmentTeam = YMG83K4C2B;
						ProvisioningStyle = Automatic;
					};
					F3F917DA1F3E25E500D99118 = {
						CreatedOnToolsVersion = 8.3.3;
						DevelopmentTeam = YMG83K4C2B;
						ProvisioningStyle = Automatic;
						TestTargetID = F3F917C61F3E25E500D99118;
					};
					F3F917E51F3E25E500D99118 = {
						CreatedOnToolsVersion = 8.3.3;
						DevelopmentTeam = YMG83K4C2B;
						ProvisioningStyle = Automatic;
						TestTargetID = F3F917C61F3E25E500D99118;
					};
				};
			};
			buildConfigurationList = F3F917C21F3E25E500D99118 /* Build configuration list for PBXProject "iOS Chromecast" */;
			compatibilityVersion = "Xcode 3.2";
			developmentRegion = English;
			hasScannedForEncodings = 0;
			knownRegions = (
				en,
				Base,
			);
			mainGroup = F3F917BE1F3E25E500D99118;
			productRefGroup = F3F917C81F3E25E500D99118 /* Products */;
			projectDirPath = "";
			projectRoot = "";
			targets = (
				F3F917C61F3E25E500D99118 /* iOS Chromecast */,
				F3F917DA1F3E25E500D99118 /* iOS ChromecastTests */,
				F3F917E51F3E25E500D99118 /* iOS ChromecastUITests */,
			);
		};
/* End PBXProject section */

/* Begin PBXResourcesBuildPhase section */
		F3F917C51F3E25E500D99118 /* Resources */ = {
			isa = PBXResourcesBuildPhase;
			buildActionMask = 2147483647;
			files = (
				F3F917D51F3E25E500D99118 /* LaunchScreen.storyboard in Resources */,
				F3F917D21F3E25E500D99118 /* Assets.xcassets in Resources */,
				F3F917D01F3E25E500D99118 /* Main.storyboard in Resources */,
			);
			runOnlyForDeploymentPostprocessing = 0;
		};
		F3F917D91F3E25E500D99118 /* Resources */ = {
			isa = PBXResourcesBuildPhase;
			buildActionMask = 2147483647;
			files = (
			);
			runOnlyForDeploymentPostprocessing = 0;
		};
		F3F917E41F3E25E500D99118 /* Resources */ = {
			isa = PBXResourcesBuildPhase;
			buildActionMask = 2147483647;
			files = (
			);
			runOnlyForDeploymentPostprocessing = 0;
		};
/* End PBXResourcesBuildPhase section */

/* Begin PBXShellScriptBuildPhase section */
		39633FA477C755EB762E53FD /* [CP] Check Pods Manifest.lock */ = {
			isa = PBXShellScriptBuildPhase;
			buildActionMask = 2147483647;
			files = (
			);
			inputPaths = (
				"${PODS_PODFILE_DIR_PATH}/Podfile.lock",
				"${PODS_ROOT}/Manifest.lock",
			);
			name = "[CP] Check Pods Manifest.lock";
			outputPaths = (
				"$(DERIVED_FILE_DIR)/Pods-iOS ChromecastTests-checkManifestLockResult.txt",
			);
			runOnlyForDeploymentPostprocessing = 0;
			shellPath = /bin/sh;
			shellScript = "diff \"${PODS_PODFILE_DIR_PATH}/Podfile.lock\" \"${PODS_ROOT}/Manifest.lock\" > /dev/null\nif [ $? != 0 ] ; then\n    # print error to STDERR\n    echo \"error: The sandbox is not in sync with the Podfile.lock. Run 'pod install' or update your CocoaPods installation.\" >&2\n    exit 1\nfi\n# This output is used by Xcode 'outputs' to avoid re-running this script phase.\necho \"SUCCESS\" > \"${SCRIPT_OUTPUT_FILE_0}\"\n";
			showEnvVarsInLog = 0;
		};
		62697DBF40814ED3E9336084 /* [CP] Embed Pods Frameworks */ = {
			isa = PBXShellScriptBuildPhase;
			buildActionMask = 2147483647;
			files = (
			);
			inputPaths = (
			);
			name = "[CP] Embed Pods Frameworks";
			outputPaths = (
			);
			runOnlyForDeploymentPostprocessing = 0;
			shellPath = /bin/sh;
			shellScript = "\"${SRCROOT}/Pods/Target Support Files/Pods-iOS ChromecastUITests/Pods-iOS ChromecastUITests-frameworks.sh\"\n";
			showEnvVarsInLog = 0;
		};
		67316A3A8218B8D6E56502A0 /* [CP] Copy Pods Resources */ = {
			isa = PBXShellScriptBuildPhase;
			buildActionMask = 2147483647;
			files = (
			);
			inputPaths = (
			);
			name = "[CP] Copy Pods Resources";
			outputPaths = (
			);
			runOnlyForDeploymentPostprocessing = 0;
			shellPath = /bin/sh;
			shellScript = "\"${SRCROOT}/Pods/Target Support Files/Pods-iOS Chromecast/Pods-iOS Chromecast-resources.sh\"\n";
			showEnvVarsInLog = 0;
		};
		6CC5210B8DA6D7B1F5DAE4A3 /* [CP] Embed Pods Frameworks */ = {
			isa = PBXShellScriptBuildPhase;
			buildActionMask = 2147483647;
			files = (
			);
			inputPaths = (
				"${SRCROOT}/Pods/Target Support Files/Pods-iOS Chromecast/Pods-iOS Chromecast-frameworks.sh",
				"${PODS_ROOT}/google-cast-sdk/GoogleCastSDK-Public-3.5.2-Release/GoogleCast.framework",
			);
			name = "[CP] Embed Pods Frameworks";
			outputPaths = (
				"${TARGET_BUILD_DIR}/${FRAMEWORKS_FOLDER_PATH}/GoogleCast.framework",
			);
			runOnlyForDeploymentPostprocessing = 0;
			shellPath = /bin/sh;
			shellScript = "\"${SRCROOT}/Pods/Target Support Files/Pods-iOS Chromecast/Pods-iOS Chromecast-frameworks.sh\"\n";
			showEnvVarsInLog = 0;
		};
		76E47B311E3ABA20D4A587DA /* [CP] Copy Pods Resources */ = {
			isa = PBXShellScriptBuildPhase;
			buildActionMask = 2147483647;
			files = (
			);
			inputPaths = (
			);
			name = "[CP] Copy Pods Resources";
			outputPaths = (
			);
			runOnlyForDeploymentPostprocessing = 0;
			shellPath = /bin/sh;
			shellScript = "\"${SRCROOT}/Pods/Target Support Files/Pods-iOS ChromecastTests/Pods-iOS ChromecastTests-resources.sh\"\n";
			showEnvVarsInLog = 0;
		};
		7A81C6114473B46F979761BB /* [CP] Check Pods Manifest.lock */ = {
			isa = PBXShellScriptBuildPhase;
			buildActionMask = 2147483647;
			files = (
			);
			inputPaths = (
				"${PODS_PODFILE_DIR_PATH}/Podfile.lock",
				"${PODS_ROOT}/Manifest.lock",
			);
			name = "[CP] Check Pods Manifest.lock";
			outputPaths = (
				"$(DERIVED_FILE_DIR)/Pods-iOS Chromecast-checkManifestLockResult.txt",
			);
			runOnlyForDeploymentPostprocessing = 0;
			shellPath = /bin/sh;
			shellScript = "diff \"${PODS_PODFILE_DIR_PATH}/Podfile.lock\" \"${PODS_ROOT}/Manifest.lock\" > /dev/null\nif [ $? != 0 ] ; then\n    # print error to STDERR\n    echo \"error: The sandbox is not in sync with the Podfile.lock. Run 'pod install' or update your CocoaPods installation.\" >&2\n    exit 1\nfi\n# This output is used by Xcode 'outputs' to avoid re-running this script phase.\necho \"SUCCESS\" > \"${SCRIPT_OUTPUT_FILE_0}\"\n";
			showEnvVarsInLog = 0;
		};
		9A087C53E3511BF56E5966C9 /* [CP] Check Pods Manifest.lock */ = {
			isa = PBXShellScriptBuildPhase;
			buildActionMask = 2147483647;
			files = (
			);
			inputPaths = (
				"${PODS_PODFILE_DIR_PATH}/Podfile.lock",
				"${PODS_ROOT}/Manifest.lock",
			);
			name = "[CP] Check Pods Manifest.lock";
			outputPaths = (
				"$(DERIVED_FILE_DIR)/Pods-iOS ChromecastUITests-checkManifestLockResult.txt",
			);
			runOnlyForDeploymentPostprocessing = 0;
			shellPath = /bin/sh;
			shellScript = "diff \"${PODS_PODFILE_DIR_PATH}/Podfile.lock\" \"${PODS_ROOT}/Manifest.lock\" > /dev/null\nif [ $? != 0 ] ; then\n    # print error to STDERR\n    echo \"error: The sandbox is not in sync with the Podfile.lock. Run 'pod install' or update your CocoaPods installation.\" >&2\n    exit 1\nfi\n# This output is used by Xcode 'outputs' to avoid re-running this script phase.\necho \"SUCCESS\" > \"${SCRIPT_OUTPUT_FILE_0}\"\n";
			showEnvVarsInLog = 0;
		};
		B7239ECDEA2D0FDF1F97AE6A /* [CP] Embed Pods Frameworks */ = {
			isa = PBXShellScriptBuildPhase;
			buildActionMask = 2147483647;
			files = (
			);
			inputPaths = (
			);
			name = "[CP] Embed Pods Frameworks";
			outputPaths = (
			);
			runOnlyForDeploymentPostprocessing = 0;
			shellPath = /bin/sh;
			shellScript = "\"${SRCROOT}/Pods/Target Support Files/Pods-iOS ChromecastTests/Pods-iOS ChromecastTests-frameworks.sh\"\n";
			showEnvVarsInLog = 0;
		};
		FC7A31116E646E000183E920 /* [CP] Copy Pods Resources */ = {
			isa = PBXShellScriptBuildPhase;
			buildActionMask = 2147483647;
			files = (
			);
			inputPaths = (
			);
			name = "[CP] Copy Pods Resources";
			outputPaths = (
			);
			runOnlyForDeploymentPostprocessing = 0;
			shellPath = /bin/sh;
			shellScript = "\"${SRCROOT}/Pods/Target Support Files/Pods-iOS ChromecastUITests/Pods-iOS ChromecastUITests-resources.sh\"\n";
			showEnvVarsInLog = 0;
		};
/* End PBXShellScriptBuildPhase section */

/* Begin PBXSourcesBuildPhase section */
		F3F917C31F3E25E500D99118 /* Sources */ = {
			isa = PBXSourcesBuildPhase;
			buildActionMask = 2147483647;
			files = (
				F3F917CD1F3E25E500D99118 /* ViewController.swift in Sources */,
				F3F917F91F3E288D00D99118 /* GlobalParams.swift in Sources */,
				F3F917CB1F3E25E500D99118 /* AppDelegate.swift in Sources */,
			);
			runOnlyForDeploymentPostprocessing = 0;
		};
		F3F917D71F3E25E500D99118 /* Sources */ = {
			isa = PBXSourcesBuildPhase;
			buildActionMask = 2147483647;
			files = (
				F3F917E01F3E25E500D99118 /* iOS_ChromecastTests.swift in Sources */,
			);
			runOnlyForDeploymentPostprocessing = 0;
		};
		F3F917E21F3E25E500D99118 /* Sources */ = {
			isa = PBXSourcesBuildPhase;
			buildActionMask = 2147483647;
			files = (
				F3F917EB1F3E25E500D99118 /* iOS_ChromecastUITests.swift in Sources */,
			);
			runOnlyForDeploymentPostprocessing = 0;
		};
/* End PBXSourcesBuildPhase section */

/* Begin PBXTargetDependency section */
		F3F917DD1F3E25E500D99118 /* PBXTargetDependency */ = {
			isa = PBXTargetDependency;
			target = F3F917C61F3E25E500D99118 /* iOS Chromecast */;
			targetProxy = F3F917DC1F3E25E500D99118 /* PBXContainerItemProxy */;
		};
		F3F917E81F3E25E500D99118 /* PBXTargetDependency */ = {
			isa = PBXTargetDependency;
			target = F3F917C61F3E25E500D99118 /* iOS Chromecast */;
			targetProxy = F3F917E71F3E25E500D99118 /* PBXContainerItemProxy */;
		};
/* End PBXTargetDependency section */

/* Begin PBXVariantGroup section */
		F3F917CE1F3E25E500D99118 /* Main.storyboard */ = {
			isa = PBXVariantGroup;
			children = (
				F3F917CF1F3E25E500D99118 /* Base */,
			);
			name = Main.storyboard;
			sourceTree = "<group>";
		};
		F3F917D31F3E25E500D99118 /* LaunchScreen.storyboard */ = {
			isa = PBXVariantGroup;
			children = (
				F3F917D41F3E25E500D99118 /* Base */,
			);
			name = LaunchScreen.storyboard;
			sourceTree = "<group>";
		};
/* End PBXVariantGroup section */

/* Begin XCBuildConfiguration section */
		F3F917ED1F3E25E500D99118 /* Debug */ = {
			isa = XCBuildConfiguration;
			buildSettings = {
				ALWAYS_SEARCH_USER_PATHS = NO;
				CLANG_ANALYZER_NONNULL = YES;
				CLANG_ANALYZER_NUMBER_OBJECT_CONVERSION = YES_AGGRESSIVE;
				CLANG_CXX_LANGUAGE_STANDARD = "gnu++0x";
				CLANG_CXX_LIBRARY = "libc++";
				CLANG_ENABLE_MODULES = YES;
				CLANG_ENABLE_OBJC_ARC = YES;
				CLANG_WARN_BOOL_CONVERSION = YES;
				CLANG_WARN_CONSTANT_CONVERSION = YES;
				CLANG_WARN_DIRECT_OBJC_ISA_USAGE = YES_ERROR;
				CLANG_WARN_DOCUMENTATION_COMMENTS = YES;
				CLANG_WARN_EMPTY_BODY = YES;
				CLANG_WARN_ENUM_CONVERSION = YES;
				CLANG_WARN_INFINITE_RECURSION = YES;
				CLANG_WARN_INT_CONVERSION = YES;
				CLANG_WARN_OBJC_ROOT_CLASS = YES_ERROR;
				CLANG_WARN_SUSPICIOUS_MOVE = YES;
				CLANG_WARN_UNREACHABLE_CODE = YES;
				CLANG_WARN__DUPLICATE_METHOD_MATCH = YES;
				"CODE_SIGN_IDENTITY[sdk=iphoneos*]" = "iPhone Developer";
				COPY_PHASE_STRIP = NO;
				DEBUG_INFORMATION_FORMAT = dwarf;
				ENABLE_STRICT_OBJC_MSGSEND = YES;
				ENABLE_TESTABILITY = YES;
				GCC_C_LANGUAGE_STANDARD = gnu99;
				GCC_DYNAMIC_NO_PIC = NO;
				GCC_NO_COMMON_BLOCKS = YES;
				GCC_OPTIMIZATION_LEVEL = 0;
				GCC_PREPROCESSOR_DEFINITIONS = (
					"DEBUG=1",
					"$(inherited)",
				);
				GCC_WARN_64_TO_32_BIT_CONVERSION = YES;
				GCC_WARN_ABOUT_RETURN_TYPE = YES_ERROR;
				GCC_WARN_UNDECLARED_SELECTOR = YES;
				GCC_WARN_UNINITIALIZED_AUTOS = YES_AGGRESSIVE;
				GCC_WARN_UNUSED_FUNCTION = YES;
				GCC_WARN_UNUSED_VARIABLE = YES;
				IPHONEOS_DEPLOYMENT_TARGET = 10.3;
				MTL_ENABLE_DEBUG_INFO = YES;
				ONLY_ACTIVE_ARCH = YES;
				SDKROOT = iphoneos;
				SWIFT_ACTIVE_COMPILATION_CONDITIONS = DEBUG;
				SWIFT_OPTIMIZATION_LEVEL = "-Onone";
				TARGETED_DEVICE_FAMILY = "1,2";
			};
			name = Debug;
		};
		F3F917EE1F3E25E500D99118 /* Release */ = {
			isa = XCBuildConfiguration;
			buildSettings = {
				ALWAYS_SEARCH_USER_PATHS = NO;
				CLANG_ANALYZER_NONNULL = YES;
				CLANG_ANALYZER_NUMBER_OBJECT_CONVERSION = YES_AGGRESSIVE;
				CLANG_CXX_LANGUAGE_STANDARD = "gnu++0x";
				CLANG_CXX_LIBRARY = "libc++";
				CLANG_ENABLE_MODULES = YES;
				CLANG_ENABLE_OBJC_ARC = YES;
				CLANG_WARN_BOOL_CONVERSION = YES;
				CLANG_WARN_CONSTANT_CONVERSION = YES;
				CLANG_WARN_DIRECT_OBJC_ISA_USAGE = YES_ERROR;
				CLANG_WARN_DOCUMENTATION_COMMENTS = YES;
				CLANG_WARN_EMPTY_BODY = YES;
				CLANG_WARN_ENUM_CONVERSION = YES;
				CLANG_WARN_INFINITE_RECURSION = YES;
				CLANG_WARN_INT_CONVERSION = YES;
				CLANG_WARN_OBJC_ROOT_CLASS = YES_ERROR;
				CLANG_WARN_SUSPICIOUS_MOVE = YES;
				CLANG_WARN_UNREACHABLE_CODE = YES;
				CLANG_WARN__DUPLICATE_METHOD_MATCH = YES;
				"CODE_SIGN_IDENTITY[sdk=iphoneos*]" = "iPhone Developer";
				COPY_PHASE_STRIP = NO;
				DEBUG_INFORMATION_FORMAT = "dwarf-with-dsym";
				ENABLE_NS_ASSERTIONS = NO;
				ENABLE_STRICT_OBJC_MSGSEND = YES;
				GCC_C_LANGUAGE_STANDARD = gnu99;
				GCC_NO_COMMON_BLOCKS = YES;
				GCC_WARN_64_TO_32_BIT_CONVERSION = YES;
				GCC_WARN_ABOUT_RETURN_TYPE = YES_ERROR;
				GCC_WARN_UNDECLARED_SELECTOR = YES;
				GCC_WARN_UNINITIALIZED_AUTOS = YES_AGGRESSIVE;
				GCC_WARN_UNUSED_FUNCTION = YES;
				GCC_WARN_UNUSED_VARIABLE = YES;
				IPHONEOS_DEPLOYMENT_TARGET = 10.3;
				MTL_ENABLE_DEBUG_INFO = NO;
				SDKROOT = iphoneos;
				SWIFT_OPTIMIZATION_LEVEL = "-Owholemodule";
				TARGETED_DEVICE_FAMILY = "1,2";
				VALIDATE_PRODUCT = YES;
			};
			name = Release;
		};
		F3F917F01F3E25E500D99118 /* Debug */ = {
			isa = XCBuildConfiguration;
			baseConfigurationReference = 15937553A399351ABFAF03BA /* Pods-iOS Chromecast.debug.xcconfig */;
			buildSettings = {
				ASSETCATALOG_COMPILER_APPICON_NAME = AppIcon;
				DEVELOPMENT_TEAM = YMG83K4C2B;
				INFOPLIST_FILE = "iOS Chromecast/Info.plist";
				LD_RUNPATH_SEARCH_PATHS = "$(inherited) @executable_path/Frameworks";
				PRODUCT_BUNDLE_IDENTIFIER = "com.kiernan.iOS-Chromecast";
				PRODUCT_NAME = "$(TARGET_NAME)";
				SWIFT_VERSION = 3.0;
			};
			name = Debug;
		};
		F3F917F11F3E25E500D99118 /* Release */ = {
			isa = XCBuildConfiguration;
			baseConfigurationReference = A85784921AA8BFB8D8DD0C79 /* Pods-iOS Chromecast.release.xcconfig */;
			buildSettings = {
				ASSETCATALOG_COMPILER_APPICON_NAME = AppIcon;
				DEVELOPMENT_TEAM = YMG83K4C2B;
				INFOPLIST_FILE = "iOS Chromecast/Info.plist";
				LD_RUNPATH_SEARCH_PATHS = "$(inherited) @executable_path/Frameworks";
				PRODUCT_BUNDLE_IDENTIFIER = "com.kiernan.iOS-Chromecast";
				PRODUCT_NAME = "$(TARGET_NAME)";
				SWIFT_VERSION = 3.0;
			};
			name = Release;
		};
		F3F917F31F3E25E500D99118 /* Debug */ = {
			isa = XCBuildConfiguration;
			baseConfigurationReference = 87735359F33497DC8AE6B5C5 /* Pods-iOS ChromecastTests.debug.xcconfig */;
			buildSettings = {
				ALWAYS_EMBED_SWIFT_STANDARD_LIBRARIES = YES;
				BUNDLE_LOADER = "$(TEST_HOST)";
				DEVELOPMENT_TEAM = YMG83K4C2B;
				INFOPLIST_FILE = "iOS ChromecastTests/Info.plist";
				LD_RUNPATH_SEARCH_PATHS = "$(inherited) @executable_path/Frameworks @loader_path/Frameworks";
				PRODUCT_BUNDLE_IDENTIFIER = "com.kiernan.iOS-ChromecastTests";
				PRODUCT_NAME = "$(TARGET_NAME)";
				SWIFT_VERSION = 3.0;
				TEST_HOST = "$(BUILT_PRODUCTS_DIR)/iOS Chromecast.app/iOS Chromecast";
			};
			name = Debug;
		};
		F3F917F41F3E25E500D99118 /* Release */ = {
			isa = XCBuildConfiguration;
			baseConfigurationReference = 2F168F5E3D87F6E723495E0F /* Pods-iOS ChromecastTests.release.xcconfig */;
			buildSettings = {
				ALWAYS_EMBED_SWIFT_STANDARD_LIBRARIES = YES;
				BUNDLE_LOADER = "$(TEST_HOST)";
				DEVELOPMENT_TEAM = YMG83K4C2B;
				INFOPLIST_FILE = "iOS ChromecastTests/Info.plist";
				LD_RUNPATH_SEARCH_PATHS = "$(inherited) @executable_path/Frameworks @loader_path/Frameworks";
				PRODUCT_BUNDLE_IDENTIFIER = "com.kiernan.iOS-ChromecastTests";
				PRODUCT_NAME = "$(TARGET_NAME)";
				SWIFT_VERSION = 3.0;
				TEST_HOST = "$(BUILT_PRODUCTS_DIR)/iOS Chromecast.app/iOS Chromecast";
			};
			name = Release;
		};
		F3F917F61F3E25E500D99118 /* Debug */ = {
			isa = XCBuildConfiguration;
			baseConfigurationReference = 472CD9FA01A339D6BA4463F8 /* Pods-iOS ChromecastUITests.debug.xcconfig */;
			buildSettings = {
				ALWAYS_EMBED_SWIFT_STANDARD_LIBRARIES = YES;
				DEVELOPMENT_TEAM = YMG83K4C2B;
				INFOPLIST_FILE = "iOS ChromecastUITests/Info.plist";
				LD_RUNPATH_SEARCH_PATHS = "$(inherited) @executable_path/Frameworks @loader_path/Frameworks";
				PRODUCT_BUNDLE_IDENTIFIER = "com.kiernan.iOS-ChromecastUITests";
				PRODUCT_NAME = "$(TARGET_NAME)";
				SWIFT_VERSION = 3.0;
				TEST_TARGET_NAME = "iOS Chromecast";
			};
			name = Debug;
		};
		F3F917F71F3E25E500D99118 /* Release */ = {
			isa = XCBuildConfiguration;
			baseConfigurationReference = F8A46E5E63FC04CB560DBD58 /* Pods-iOS ChromecastUITests.release.xcconfig */;
			buildSettings = {
				ALWAYS_EMBED_SWIFT_STANDARD_LIBRARIES = YES;
				DEVELOPMENT_TEAM = YMG83K4C2B;
				INFOPLIST_FILE = "iOS ChromecastUITests/Info.plist";
				LD_RUNPATH_SEARCH_PATHS = "$(inherited) @executable_path/Frameworks @loader_path/Frameworks";
				PRODUCT_BUNDLE_IDENTIFIER = "com.kiernan.iOS-ChromecastUITests";
				PRODUCT_NAME = "$(TARGET_NAME)";
				SWIFT_VERSION = 3.0;
				TEST_TARGET_NAME = "iOS Chromecast";
			};
			name = Release;
		};
/* End XCBuildConfiguration section */

/* Begin XCConfigurationList section */
		F3F917C21F3E25E500D99118 /* Build configuration list for PBXProject "iOS Chromecast" */ = {
			isa = XCConfigurationList;
			buildConfigurations = (
				F3F917ED1F3E25E500D99118 /* Debug */,
				F3F917EE1F3E25E500D99118 /* Release */,
			);
			defaultConfigurationIsVisible = 0;
			defaultConfigurationName = Release;
		};
		F3F917EF1F3E25E500D99118 /* Build configuration list for PBXNativeTarget "iOS Chromecast" */ = {
			isa = XCConfigurationList;
			buildConfigurations = (
				F3F917F01F3E25E500D99118 /* Debug */,
				F3F917F11F3E25E500D99118 /* Release */,
			);
			defaultConfigurationIsVisible = 0;
			defaultConfigurationName = Release;
		};
		F3F917F21F3E25E500D99118 /* Build configuration list for PBXNativeTarget "iOS ChromecastTests" */ = {
			isa = XCConfigurationList;
			buildConfigurations = (
				F3F917F31F3E25E500D99118 /* Debug */,
				F3F917F41F3E25E500D99118 /* Release */,
			);
			defaultConfigurationIsVisible = 0;
			defaultConfigurationName = Release;
		};
		F3F917F51F3E25E500D99118 /* Build configuration list for PBXNativeTarget "iOS ChromecastUITests" */ = {
			isa = XCConfigurationList;
			buildConfigurations = (
				F3F917F61F3E25E500D99118 /* Debug */,
				F3F917F71F3E25E500D99118 /* Release */,
			);
			defaultConfigurationIsVisible = 0;
			defaultConfigurationName = Release;
		};
/* End XCConfigurationList section */
	};
	rootObject = F3F917BF1F3E25E500D99118 /* Project object */;
}
